
Microsoft Visual Studio Solution File, Format Version 12.00
# Visual Studio Version 17
VisualStudioVersion = 17.10.35013.160
MinimumVisualStudioVersion = 10.0.40219.1
Project("{FAE04EC0-301F-11D3-BF4B-00C04F79EFBC}") = "lab#4", "lab#4\lab#4\lab#4.csproj", "{613E1DBE-731C-4038-82FB-C6E9F3480624}"
EndProject
Global
	GlobalSection(SolutionConfigurationPlatforms) = preSolution
		Debug|Any CPU = Debug|Any CPU
		Release|Any CPU = Release|Any CPU
	EndGlobalSection
	GlobalSection(ProjectConfigurationPlatforms) = postSolution
		{613E1DBE-731C-4038-82FB-C6E9F3480624}.Debug|Any CPU.ActiveCfg = Debug|Any CPU
		{613E1DBE-731C-4038-82FB-C6E9F3480624}.Debug|Any CPU.Build.0 = Debug|Any CPU
		{613E1DBE-731C-4038-82FB-C6E9F3480624}.Release|Any CPU.ActiveCfg = Release|Any CPU
		{613E1DBE-731C-4038-82FB-C6E9F3480624}.Release|Any CPU.Build.0 = Release|Any CPU
	EndGlobalSection
	GlobalSection(SolutionProperties) = preSolution
		HideSolutionNode = FALSE
	EndGlobalSection
	GlobalSection(ExtensibilityGlobals) = postSolution
		SolutionGuid = {6BC6AA9E-E350-4F0F-A7B4-4AE4F3DE4669}
	EndGlobalSection
EndGlobal
