
Microsoft Visual Studio Solution File, Format Version 12.00
# Visual Studio Version 17
VisualStudioVersion = 17.10.35013.160
MinimumVisualStudioVersion = 10.0.40219.1
Project("{FAE04EC0-301F-11D3-BF4B-00C04F79EFBC}") = "lab#4", "lab#4\lab#4\lab#4.csproj", "{613E1DBE-731C-4038-82FB-C6E9F3480624}"
EndProject
Project("{FAE04EC0-301F-11D3-BF4B-00C04F79EFBC}") = "lab#5", "lab#5\lab#5.csproj", "{730FD2EA-7A37-4DA4-B304-814207245151}"
EndProject
Project("{8BC9CEB8-8B4A-11D0-8D11-00A0C91BC942}") = "TOILab#1", "StudyC++\StudyC++.vcxproj", "{E4239257-98B7-4B17-B32E-7B9B93A8320B}"
EndProject
Project("{8BC9CEB8-8B4A-11D0-8D11-00A0C91BC942}") = "IndividualWorkTOI", "IndividualWorkTOI\IndividualWorkTOI.vcxproj", "{C20555AB-F5F0-471C-9862-F7CD1E8A5B1D}"
EndProject
Project("{FAE04EC0-301F-11D3-BF4B-00C04F79EFBC}") = "lab#9", "lab#9\lab#9.csproj", "{19048E07-9CEA-4B10-8353-7D53F633031A}"
EndProject
Project("{FAE04EC0-301F-11D3-BF4B-00C04F79EFBC}") = "UnitTestForLab9", "UnitTestProject2\UnitTestForLab9.csproj", "{A3507E12-25C5-4CB0-8DBE-394A36DB4990}"
EndProject
Project("{8BC9CEB8-8B4A-11D0-8D11-00A0C91BC942}") = "TOILab#3", "TOILab#3\TOILab#3.vcxproj", "{52E908C6-C23E-426E-A32B-C7CDD93D9900}"
EndProject
Project("{FAE04EC0-301F-11D3-BF4B-00C04F79EFBC}") = "MusicLibrary", "..\Лабораторки\Лабораторная работа№ 10\MusicLibrary\MusicLibrary.csproj", "{D7516C7E-00CD-4BC3-8656-DCF20260E8FE}"
EndProject
Project("{FAE04EC0-301F-11D3-BF4B-00C04F79EFBC}") = "LibraryLab9", "..\Лабораторки\Лабораторная работа№ 10\LibraryLab9\LibraryLab9.csproj", "{2B014A21-F5FF-48D6-B9FB-7A7E3363E01E}"
EndProject
Project("{9A19103F-16F7-4668-BE54-9A1E7A4F7556}") = "lab.Tests", "..\Лабораторки\Лабораторная работа№ 10\lab.Tests\lab.Tests.csproj", "{544A78C5-8FB6-445C-81C9-D8572AA44B58}"
EndProject
Project("{9A19103F-16F7-4668-BE54-9A1E7A4F7556}") = "lab#10", "..\Лабораторки\Лабораторная работа№ 10\lab\lab#10.csproj", "{93D29B91-95EB-4EE7-8809-8D7A7A6CAFE0}"
EndProject
Project("{FAE04EC0-301F-11D3-BF4B-00C04F79EFBC}") = "GeneralLibrary", "..\Лабораторки\Лабораторная работа№ 10\GeneralLibrary\GeneralLibrary.csproj", "{A08E32C8-085A-4B92-BFA7-9DCDED068443}"
EndProject
Global
	GlobalSection(SolutionConfigurationPlatforms) = preSolution
		Debug|Any CPU = Debug|Any CPU
		Debug|x64 = Debug|x64
		Debug|x86 = Debug|x86
		Release|Any CPU = Release|Any CPU
		Release|x64 = Release|x64
		Release|x86 = Release|x86
	EndGlobalSection
	GlobalSection(ProjectConfigurationPlatforms) = postSolution
		{613E1DBE-731C-4038-82FB-C6E9F3480624}.Debug|Any CPU.ActiveCfg = Debug|Any CPU
		{613E1DBE-731C-4038-82FB-C6E9F3480624}.Debug|Any CPU.Build.0 = Debug|Any CPU
		{613E1DBE-731C-4038-82FB-C6E9F3480624}.Debug|x64.ActiveCfg = Debug|Any CPU
		{613E1DBE-731C-4038-82FB-C6E9F3480624}.Debug|x64.Build.0 = Debug|Any CPU
		{613E1DBE-731C-4038-82FB-C6E9F3480624}.Debug|x86.ActiveCfg = Debug|Any CPU
		{613E1DBE-731C-4038-82FB-C6E9F3480624}.Debug|x86.Build.0 = Debug|Any CPU
		{613E1DBE-731C-4038-82FB-C6E9F3480624}.Release|Any CPU.ActiveCfg = Release|Any CPU
		{613E1DBE-731C-4038-82FB-C6E9F3480624}.Release|Any CPU.Build.0 = Release|Any CPU
		{613E1DBE-731C-4038-82FB-C6E9F3480624}.Release|x64.ActiveCfg = Release|Any CPU
		{613E1DBE-731C-4038-82FB-C6E9F3480624}.Release|x64.Build.0 = Release|Any CPU
		{613E1DBE-731C-4038-82FB-C6E9F3480624}.Release|x86.ActiveCfg = Release|Any CPU
		{613E1DBE-731C-4038-82FB-C6E9F3480624}.Release|x86.Build.0 = Release|Any CPU
		{730FD2EA-7A37-4DA4-B304-814207245151}.Debug|Any CPU.ActiveCfg = Debug|Any CPU
		{730FD2EA-7A37-4DA4-B304-814207245151}.Debug|Any CPU.Build.0 = Debug|Any CPU
		{730FD2EA-7A37-4DA4-B304-814207245151}.Debug|x64.ActiveCfg = Debug|Any CPU
		{730FD2EA-7A37-4DA4-B304-814207245151}.Debug|x64.Build.0 = Debug|Any CPU
		{730FD2EA-7A37-4DA4-B304-814207245151}.Debug|x86.ActiveCfg = Debug|Any CPU
		{730FD2EA-7A37-4DA4-B304-814207245151}.Debug|x86.Build.0 = Debug|Any CPU
		{730FD2EA-7A37-4DA4-B304-814207245151}.Release|Any CPU.ActiveCfg = Release|Any CPU
		{730FD2EA-7A37-4DA4-B304-814207245151}.Release|Any CPU.Build.0 = Release|Any CPU
		{730FD2EA-7A37-4DA4-B304-814207245151}.Release|x64.ActiveCfg = Release|Any CPU
		{730FD2EA-7A37-4DA4-B304-814207245151}.Release|x64.Build.0 = Release|Any CPU
		{730FD2EA-7A37-4DA4-B304-814207245151}.Release|x86.ActiveCfg = Release|Any CPU
		{730FD2EA-7A37-4DA4-B304-814207245151}.Release|x86.Build.0 = Release|Any CPU
		{E4239257-98B7-4B17-B32E-7B9B93A8320B}.Debug|Any CPU.ActiveCfg = Debug|x64
		{E4239257-98B7-4B17-B32E-7B9B93A8320B}.Debug|Any CPU.Build.0 = Debug|x64
		{E4239257-98B7-4B17-B32E-7B9B93A8320B}.Debug|x64.ActiveCfg = Debug|x64
		{E4239257-98B7-4B17-B32E-7B9B93A8320B}.Debug|x64.Build.0 = Debug|x64
		{E4239257-98B7-4B17-B32E-7B9B93A8320B}.Debug|x86.ActiveCfg = Debug|Win32
		{E4239257-98B7-4B17-B32E-7B9B93A8320B}.Debug|x86.Build.0 = Debug|Win32
		{E4239257-98B7-4B17-B32E-7B9B93A8320B}.Release|Any CPU.ActiveCfg = Release|x64
		{E4239257-98B7-4B17-B32E-7B9B93A8320B}.Release|Any CPU.Build.0 = Release|x64
		{E4239257-98B7-4B17-B32E-7B9B93A8320B}.Release|x64.ActiveCfg = Release|x64
		{E4239257-98B7-4B17-B32E-7B9B93A8320B}.Release|x64.Build.0 = Release|x64
		{E4239257-98B7-4B17-B32E-7B9B93A8320B}.Release|x86.ActiveCfg = Release|Win32
		{E4239257-98B7-4B17-B32E-7B9B93A8320B}.Release|x86.Build.0 = Release|Win32
		{C20555AB-F5F0-471C-9862-F7CD1E8A5B1D}.Debug|Any CPU.ActiveCfg = Debug|x64
		{C20555AB-F5F0-471C-9862-F7CD1E8A5B1D}.Debug|Any CPU.Build.0 = Debug|x64
		{C20555AB-F5F0-471C-9862-F7CD1E8A5B1D}.Debug|x64.ActiveCfg = Debug|x64
		{C20555AB-F5F0-471C-9862-F7CD1E8A5B1D}.Debug|x64.Build.0 = Debug|x64
		{C20555AB-F5F0-471C-9862-F7CD1E8A5B1D}.Debug|x86.ActiveCfg = Debug|Win32
		{C20555AB-F5F0-471C-9862-F7CD1E8A5B1D}.Debug|x86.Build.0 = Debug|Win32
		{C20555AB-F5F0-471C-9862-F7CD1E8A5B1D}.Release|Any CPU.ActiveCfg = Release|x64
		{C20555AB-F5F0-471C-9862-F7CD1E8A5B1D}.Release|Any CPU.Build.0 = Release|x64
		{C20555AB-F5F0-471C-9862-F7CD1E8A5B1D}.Release|x64.ActiveCfg = Release|x64
		{C20555AB-F5F0-471C-9862-F7CD1E8A5B1D}.Release|x64.Build.0 = Release|x64
		{C20555AB-F5F0-471C-9862-F7CD1E8A5B1D}.Release|x86.ActiveCfg = Release|Win32
		{C20555AB-F5F0-471C-9862-F7CD1E8A5B1D}.Release|x86.Build.0 = Release|Win32
		{19048E07-9CEA-4B10-8353-7D53F633031A}.Debug|Any CPU.ActiveCfg = Debug|Any CPU
		{19048E07-9CEA-4B10-8353-7D53F633031A}.Debug|Any CPU.Build.0 = Debug|Any CPU
		{19048E07-9CEA-4B10-8353-7D53F633031A}.Debug|x64.ActiveCfg = Debug|Any CPU
		{19048E07-9CEA-4B10-8353-7D53F633031A}.Debug|x64.Build.0 = Debug|Any CPU
		{19048E07-9CEA-4B10-8353-7D53F633031A}.Debug|x86.ActiveCfg = Debug|Any CPU
		{19048E07-9CEA-4B10-8353-7D53F633031A}.Debug|x86.Build.0 = Debug|Any CPU
		{19048E07-9CEA-4B10-8353-7D53F633031A}.Release|Any CPU.ActiveCfg = Release|Any CPU
		{19048E07-9CEA-4B10-8353-7D53F633031A}.Release|Any CPU.Build.0 = Release|Any CPU
		{19048E07-9CEA-4B10-8353-7D53F633031A}.Release|x64.ActiveCfg = Release|Any CPU
		{19048E07-9CEA-4B10-8353-7D53F633031A}.Release|x64.Build.0 = Release|Any CPU
		{19048E07-9CEA-4B10-8353-7D53F633031A}.Release|x86.ActiveCfg = Release|Any CPU
		{19048E07-9CEA-4B10-8353-7D53F633031A}.Release|x86.Build.0 = Release|Any CPU
		{A3507E12-25C5-4CB0-8DBE-394A36DB4990}.Debug|Any CPU.ActiveCfg = Debug|Any CPU
		{A3507E12-25C5-4CB0-8DBE-394A36DB4990}.Debug|Any CPU.Build.0 = Debug|Any CPU
		{A3507E12-25C5-4CB0-8DBE-394A36DB4990}.Debug|x64.ActiveCfg = Debug|Any CPU
		{A3507E12-25C5-4CB0-8DBE-394A36DB4990}.Debug|x64.Build.0 = Debug|Any CPU
		{A3507E12-25C5-4CB0-8DBE-394A36DB4990}.Debug|x86.ActiveCfg = Debug|Any CPU
		{A3507E12-25C5-4CB0-8DBE-394A36DB4990}.Debug|x86.Build.0 = Debug|Any CPU
		{A3507E12-25C5-4CB0-8DBE-394A36DB4990}.Release|Any CPU.ActiveCfg = Release|Any CPU
		{A3507E12-25C5-4CB0-8DBE-394A36DB4990}.Release|Any CPU.Build.0 = Release|Any CPU
		{A3507E12-25C5-4CB0-8DBE-394A36DB4990}.Release|x64.ActiveCfg = Release|Any CPU
		{A3507E12-25C5-4CB0-8DBE-394A36DB4990}.Release|x64.Build.0 = Release|Any CPU
		{A3507E12-25C5-4CB0-8DBE-394A36DB4990}.Release|x86.ActiveCfg = Release|Any CPU
		{A3507E12-25C5-4CB0-8DBE-394A36DB4990}.Release|x86.Build.0 = Release|Any CPU
		{52E908C6-C23E-426E-A32B-C7CDD93D9900}.Debug|Any CPU.ActiveCfg = Debug|x64
		{52E908C6-C23E-426E-A32B-C7CDD93D9900}.Debug|Any CPU.Build.0 = Debug|x64
		{52E908C6-C23E-426E-A32B-C7CDD93D9900}.Debug|x64.ActiveCfg = Debug|x64
		{52E908C6-C23E-426E-A32B-C7CDD93D9900}.Debug|x64.Build.0 = Debug|x64
		{52E908C6-C23E-426E-A32B-C7CDD93D9900}.Debug|x86.ActiveCfg = Debug|Win32
		{52E908C6-C23E-426E-A32B-C7CDD93D9900}.Debug|x86.Build.0 = Debug|Win32
		{52E908C6-C23E-426E-A32B-C7CDD93D9900}.Release|Any CPU.ActiveCfg = Release|x64
		{52E908C6-C23E-426E-A32B-C7CDD93D9900}.Release|Any CPU.Build.0 = Release|x64
		{52E908C6-C23E-426E-A32B-C7CDD93D9900}.Release|x64.ActiveCfg = Release|x64
		{52E908C6-C23E-426E-A32B-C7CDD93D9900}.Release|x64.Build.0 = Release|x64
		{52E908C6-C23E-426E-A32B-C7CDD93D9900}.Release|x86.ActiveCfg = Release|Win32
		{52E908C6-C23E-426E-A32B-C7CDD93D9900}.Release|x86.Build.0 = Release|Win32
		{D7516C7E-00CD-4BC3-8656-DCF20260E8FE}.Debug|Any CPU.ActiveCfg = Debug|Any CPU
		{D7516C7E-00CD-4BC3-8656-DCF20260E8FE}.Debug|Any CPU.Build.0 = Debug|Any CPU
		{D7516C7E-00CD-4BC3-8656-DCF20260E8FE}.Debug|x64.ActiveCfg = Debug|Any CPU
		{D7516C7E-00CD-4BC3-8656-DCF20260E8FE}.Debug|x64.Build.0 = Debug|Any CPU
		{D7516C7E-00CD-4BC3-8656-DCF20260E8FE}.Debug|x86.ActiveCfg = Debug|Any CPU
		{D7516C7E-00CD-4BC3-8656-DCF20260E8FE}.Debug|x86.Build.0 = Debug|Any CPU
		{D7516C7E-00CD-4BC3-8656-DCF20260E8FE}.Release|Any CPU.ActiveCfg = Release|Any CPU
		{D7516C7E-00CD-4BC3-8656-DCF20260E8FE}.Release|Any CPU.Build.0 = Release|Any CPU
		{D7516C7E-00CD-4BC3-8656-DCF20260E8FE}.Release|x64.ActiveCfg = Release|Any CPU
		{D7516C7E-00CD-4BC3-8656-DCF20260E8FE}.Release|x64.Build.0 = Release|Any CPU
		{D7516C7E-00CD-4BC3-8656-DCF20260E8FE}.Release|x86.ActiveCfg = Release|Any CPU
		{D7516C7E-00CD-4BC3-8656-DCF20260E8FE}.Release|x86.Build.0 = Release|Any CPU
		{2B014A21-F5FF-48D6-B9FB-7A7E3363E01E}.Debug|Any CPU.ActiveCfg = Debug|Any CPU
		{2B014A21-F5FF-48D6-B9FB-7A7E3363E01E}.Debug|Any CPU.Build.0 = Debug|Any CPU
		{2B014A21-F5FF-48D6-B9FB-7A7E3363E01E}.Debug|x64.ActiveCfg = Debug|Any CPU
		{2B014A21-F5FF-48D6-B9FB-7A7E3363E01E}.Debug|x64.Build.0 = Debug|Any CPU
		{2B014A21-F5FF-48D6-B9FB-7A7E3363E01E}.Debug|x86.ActiveCfg = Debug|Any CPU
		{2B014A21-F5FF-48D6-B9FB-7A7E3363E01E}.Debug|x86.Build.0 = Debug|Any CPU
		{2B014A21-F5FF-48D6-B9FB-7A7E3363E01E}.Release|Any CPU.ActiveCfg = Release|Any CPU
		{2B014A21-F5FF-48D6-B9FB-7A7E3363E01E}.Release|Any CPU.Build.0 = Release|Any CPU
		{2B014A21-F5FF-48D6-B9FB-7A7E3363E01E}.Release|x64.ActiveCfg = Release|Any CPU
		{2B014A21-F5FF-48D6-B9FB-7A7E3363E01E}.Release|x64.Build.0 = Release|Any CPU
		{2B014A21-F5FF-48D6-B9FB-7A7E3363E01E}.Release|x86.ActiveCfg = Release|Any CPU
		{2B014A21-F5FF-48D6-B9FB-7A7E3363E01E}.Release|x86.Build.0 = Release|Any CPU
		{544A78C5-8FB6-445C-81C9-D8572AA44B58}.Debug|Any CPU.ActiveCfg = Debug|Any CPU
		{544A78C5-8FB6-445C-81C9-D8572AA44B58}.Debug|Any CPU.Build.0 = Debug|Any CPU
		{544A78C5-8FB6-445C-81C9-D8572AA44B58}.Debug|x64.ActiveCfg = Debug|Any CPU
		{544A78C5-8FB6-445C-81C9-D8572AA44B58}.Debug|x64.Build.0 = Debug|Any CPU
		{544A78C5-8FB6-445C-81C9-D8572AA44B58}.Debug|x86.ActiveCfg = Debug|Any CPU
		{544A78C5-8FB6-445C-81C9-D8572AA44B58}.Debug|x86.Build.0 = Debug|Any CPU
		{544A78C5-8FB6-445C-81C9-D8572AA44B58}.Release|Any CPU.ActiveCfg = Release|Any CPU
		{544A78C5-8FB6-445C-81C9-D8572AA44B58}.Release|Any CPU.Build.0 = Release|Any CPU
		{544A78C5-8FB6-445C-81C9-D8572AA44B58}.Release|x64.ActiveCfg = Release|Any CPU
		{544A78C5-8FB6-445C-81C9-D8572AA44B58}.Release|x64.Build.0 = Release|Any CPU
		{544A78C5-8FB6-445C-81C9-D8572AA44B58}.Release|x86.ActiveCfg = Release|Any CPU
		{544A78C5-8FB6-445C-81C9-D8572AA44B58}.Release|x86.Build.0 = Release|Any CPU
		{93D29B91-95EB-4EE7-8809-8D7A7A6CAFE0}.Debug|Any CPU.ActiveCfg = Debug|Any CPU
		{93D29B91-95EB-4EE7-8809-8D7A7A6CAFE0}.Debug|Any CPU.Build.0 = Debug|Any CPU
		{93D29B91-95EB-4EE7-8809-8D7A7A6CAFE0}.Debug|x64.ActiveCfg = Debug|Any CPU
		{93D29B91-95EB-4EE7-8809-8D7A7A6CAFE0}.Debug|x64.Build.0 = Debug|Any CPU
		{93D29B91-95EB-4EE7-8809-8D7A7A6CAFE0}.Debug|x86.ActiveCfg = Debug|Any CPU
		{93D29B91-95EB-4EE7-8809-8D7A7A6CAFE0}.Debug|x86.Build.0 = Debug|Any CPU
		{93D29B91-95EB-4EE7-8809-8D7A7A6CAFE0}.Release|Any CPU.ActiveCfg = Release|Any CPU
		{93D29B91-95EB-4EE7-8809-8D7A7A6CAFE0}.Release|Any CPU.Build.0 = Release|Any CPU
		{93D29B91-95EB-4EE7-8809-8D7A7A6CAFE0}.Release|x64.ActiveCfg = Release|Any CPU
		{93D29B91-95EB-4EE7-8809-8D7A7A6CAFE0}.Release|x64.Build.0 = Release|Any CPU
		{93D29B91-95EB-4EE7-8809-8D7A7A6CAFE0}.Release|x86.ActiveCfg = Release|Any CPU
		{93D29B91-95EB-4EE7-8809-8D7A7A6CAFE0}.Release|x86.Build.0 = Release|Any CPU
		{A08E32C8-085A-4B92-BFA7-9DCDED068443}.Debug|Any CPU.ActiveCfg = Debug|Any CPU
		{A08E32C8-085A-4B92-BFA7-9DCDED068443}.Debug|Any CPU.Build.0 = Debug|Any CPU
		{A08E32C8-085A-4B92-BFA7-9DCDED068443}.Debug|x64.ActiveCfg = Debug|Any CPU
		{A08E32C8-085A-4B92-BFA7-9DCDED068443}.Debug|x64.Build.0 = Debug|Any CPU
		{A08E32C8-085A-4B92-BFA7-9DCDED068443}.Debug|x86.ActiveCfg = Debug|Any CPU
		{A08E32C8-085A-4B92-BFA7-9DCDED068443}.Debug|x86.Build.0 = Debug|Any CPU
		{A08E32C8-085A-4B92-BFA7-9DCDED068443}.Release|Any CPU.ActiveCfg = Release|Any CPU
		{A08E32C8-085A-4B92-BFA7-9DCDED068443}.Release|Any CPU.Build.0 = Release|Any CPU
		{A08E32C8-085A-4B92-BFA7-9DCDED068443}.Release|x64.ActiveCfg = Release|Any CPU
		{A08E32C8-085A-4B92-BFA7-9DCDED068443}.Release|x64.Build.0 = Release|Any CPU
		{A08E32C8-085A-4B92-BFA7-9DCDED068443}.Release|x86.ActiveCfg = Release|Any CPU
		{A08E32C8-085A-4B92-BFA7-9DCDED068443}.Release|x86.Build.0 = Release|Any CPU
	EndGlobalSection
	GlobalSection(SolutionProperties) = preSolution
		HideSolutionNode = FALSE
	EndGlobalSection
	GlobalSection(ExtensibilityGlobals) = postSolution
		SolutionGuid = {6BC6AA9E-E350-4F0F-A7B4-4AE4F3DE4669}
	EndGlobalSection
EndGlobal
